{
  "name": "tests",
  "lockfileVersion": 3,
  "requires": true,
  "packages": {
    "": {
      "dependencies": {
        "v86": "^0.4.0"
      }
    },
    "node_modules/v86": {
      "version": "0.4.0",
      "resolved": "https://registry.npmjs.org/v86/-/v86-0.4.0.tgz",
      "integrity": "sha512-e4eOKJCiESxDn7CsVjmwdouUB05vSM+8JcNVZDVInLgXljY0siok6xJ1uX6wcoRhypzk56lOWOMwNk47w3QX0Q==",
      "license": "BSD-2-Clause"
    }
  }
}
